{
    "_meta": {
        "hash": {
            "sha256": "fb33ba426e572287802b69fcec7197470226c090fd861eee36645a74fe9e4417"
        },
        "pipfile-spec": 6,
        "requires": {
            "python_version": "3.7"
        },
        "sources": [
            {
                "name": "pypi",
                "url": "https://pypi.org/simple",
                "verify_ssl": true
            }
        ]
    },
    "default": {
        "click": {
            "hashes": [
                "sha256:d2b5255c7c6349bc1bd1e59e08cd12acbbd63ce649f2588755783aa94dfb6b1a",
                "sha256:dacca89f4bfadd5de3d7489b7c8a566eee0d3676333fbb50030263894c38c0dc"
            ],
            "version": "==7.1.2"
        },
        "flask": {
            "hashes": [
                "sha256:2271c0070dbcb5275fad4a82e29f23ab92682dc45f9dfbc22c02ba9b9322ce48",
                "sha256:a080b744b7e345ccfcbc77954861cb05b3c63786e93f2b3875e0913d44b43f05"
            ],
            "index": "pypi",
            "version": "==1.0.2"
        },
        "itsdangerous": {
            "hashes": [
                "sha256:321b033d07f2a4136d3ec762eac9f16a10ccd60f53c0c91af90217ace7ba1f19",
                "sha256:b12271b2047cb23eeb98c8b5622e2e5c5e9abd9784a153e9d8ef9cb4dd09d749"
            ],
            "version": "==1.1.0"
        },
        "jinja2": {
            "hashes": [
                "sha256:03e47ad063331dd6a3f04a43eddca8a966a26ba0c5b7207a9a9e4e08f1b29419",
                "sha256:a6d58433de0ae800347cab1fa3043cebbabe8baa9d29e668f1c768cb87a333c6"
            ],
            "index": "pypi",
            "version": "==2.11.3"
        },
        "markupsafe": {
            "hashes": [
                "sha256:00bc623926325b26bb9605ae9eae8a215691f33cae5df11ca5424f06f2d1f473",
                "sha256:09027a7803a62ca78792ad89403b1b7a73a01c8cb65909cd876f7fcebd79b161",
                "sha256:09c4b7f37d6c648cb13f9230d847adf22f8171b1ccc4d5682398e77f40309235",
                "sha256:1027c282dad077d0bae18be6794e6b6b8c91d58ed8a8d89a89d59693b9131db5",
                "sha256:13d3144e1e340870b25e7b10b98d779608c02016d5184cfb9927a9f10c689f42",
                "sha256:195d7d2c4fbb0ee8139a6cf67194f3973a6b3042d742ebe0a9ed36d8b6f0c07f",
                "sha256:22c178a091fc6630d0d045bdb5992d2dfe14e3259760e713c490da5323866c39",
                "sha256:24982cc2533820871eba85ba648cd53d8623687ff11cbb805be4ff7b4c971aff",
                "sha256:29872e92839765e546828bb7754a68c418d927cd064fd4708fab9fe9c8bb116b",
                "sha256:2beec1e0de6924ea551859edb9e7679da6e4870d32cb766240ce17e0a0ba2014",
                "sha256:3b8a6499709d29c2e2399569d96719a1b21dcd94410a586a18526b143ec8470f",
                "sha256:43a55c2930bbc139570ac2452adf3d70cdbb3cfe5912c71cdce1c2c6bbd9c5d1",
                "sha256:46c99d2de99945ec5cb54f23c8cd5689f6d7177305ebff350a58ce5f8de1669e",
                "sha256:500d4957e52ddc3351cabf489e79c91c17f6e0899158447047588650b5e69183",
                "sha256:535f6fc4d397c1563d08b88e485c3496cf5784e927af890fb3c3aac7f933ec66",
                "sha256:596510de112c685489095da617b5bcbbac7dd6384aeebeda4df6025d0256a81b",
                "sha256:62fe6c95e3ec8a7fad637b7f3d372c15ec1caa01ab47926cfdf7a75b40e0eac1",
                "sha256:6788b695d50a51edb699cb55e35487e430fa21f1ed838122d722e0ff0ac5ba15",
                "sha256:6dd73240d2af64df90aa7c4e7481e23825ea70af4b4922f8ede5b9e35f78a3b1",
                "sha256:6f1e273a344928347c1290119b493a1f0303c52f5a5eae5f16d74f48c15d4a85",
                "sha256:6fffc775d90dcc9aed1b89219549b329a9250d918fd0b8fa8d93d154918422e1",
                "sha256:717ba8fe3ae9cc0006d7c451f0bb265ee07739daf76355d06366154ee68d221e",
                "sha256:79855e1c5b8da654cf486b830bd42c06e8780cea587384cf6545b7d9ac013a0b",
                "sha256:7c1699dfe0cf8ff607dbdcc1e9b9af1755371f92a68f706051cc8c37d447c905",
                "sha256:7fed13866cf14bba33e7176717346713881f56d9d2bcebab207f7a036f41b850",
                "sha256:84dee80c15f1b560d55bcfe6d47b27d070b4681c699c572af2e3c7cc90a3b8e0",
                "sha256:88e5fcfb52ee7b911e8bb6d6aa2fd21fbecc674eadd44118a9cc3863f938e735",
                "sha256:8defac2f2ccd6805ebf65f5eeb132adcf2ab57aa11fdf4c0dd5169a004710e7d",
                "sha256:98bae9582248d6cf62321dcb52aaf5d9adf0bad3b40582925ef7c7f0ed85fceb",
                "sha256:98c7086708b163d425c67c7a91bad6e466bb99d797aa64f965e9d25c12111a5e",
                "sha256:9add70b36c5666a2ed02b43b335fe19002ee5235efd4b8a89bfcf9005bebac0d",
                "sha256:9bf40443012702a1d2070043cb6291650a0841ece432556f784f004937f0f32c",
                "sha256:a6a744282b7718a2a62d2ed9d993cad6f5f585605ad352c11de459f4108df0a1",
                "sha256:acf08ac40292838b3cbbb06cfe9b2cb9ec78fce8baca31ddb87aaac2e2dc3bc2",
                "sha256:ade5e387d2ad0d7ebf59146cc00c8044acbd863725f887353a10df825fc8ae21",
                "sha256:b00c1de48212e4cc9603895652c5c410df699856a2853135b3967591e4beebc2",
                "sha256:b1282f8c00509d99fef04d8ba936b156d419be841854fe901d8ae224c59f0be5",
                "sha256:b1dba4527182c95a0db8b6060cc98ac49b9e2f5e64320e2b56e47cb2831978c7",
                "sha256:b2051432115498d3562c084a49bba65d97cf251f5a331c64a12ee7e04dacc51b",
                "sha256:b7d644ddb4dbd407d31ffb699f1d140bc35478da613b441c582aeb7c43838dd8",
                "sha256:ba59edeaa2fc6114428f1637ffff42da1e311e29382d81b339c1817d37ec93c6",
                "sha256:bf5aa3cbcfdf57fa2ee9cd1822c862ef23037f5c832ad09cfea57fa846dec193",
                "sha256:c8716a48d94b06bb3b2524c2b77e055fb313aeb4ea620c8dd03a105574ba704f",
                "sha256:caabedc8323f1e93231b52fc32bdcde6db817623d33e100708d9a68e1f53b26b",
                "sha256:cd5df75523866410809ca100dc9681e301e3c27567cf498077e8551b6d20e42f",
                "sha256:cdb132fc825c38e1aeec2c8aa9338310d29d337bebbd7baa06889d09a60a1fa2",
                "sha256:d53bc011414228441014aa71dbec320c66468c1030aae3a6e29778a3382d96e5",
                "sha256:d73a845f227b0bfe8a7455ee623525ee656a9e2e749e4742706d80a6065d5e2c",
                "sha256:d9be0ba6c527163cbed5e0857c451fcd092ce83947944d6c14bc95441203f032",
                "sha256:e249096428b3ae81b08327a63a485ad0878de3fb939049038579ac0ef61e17e7",
                "sha256:e8313f01ba26fbbe36c7be1966a7b7424942f670f38e666995b88d012765b9be",
                "sha256:feb7b34d6325451ef96bc0e36e1a6c0c1c64bc1fbec4b854f4529e51887b1621"
            ],
            "version": "==1.1.1"
        },
        "mysql-connector-python": {
            "hashes": [
                "sha256:1d6a15879f198b2e5938429a7547f68549bf18658e82a2a68a5b75ee23bd7a8c",
                "sha256:2121a32dfaf1ff5a41a7924fb5f03d66c307bac403a42581bc13f788574b8051",
                "sha256:29c4dcfc8e4a6df70cfff87cf3787c8ea7596e6f0a2ad4416155850f541928f4",
                "sha256:51571919508cab8fa1e9b65879922b80b3cee58ed348660292b080ba8ad3a090",
                "sha256:5a1e4724a02bd85b976e8aa345e8b8235b0e72c47e6a4921cec158e6dfecba93",
                "sha256:5ce6a980062e2a7d447b98bef7d873aa26c6bbb987548a617b2d39a82c7d8d94",
                "sha256:62d323a6910ccdf05c582111e79fc0f2dcf65777db30019b3c8a23c3180e6e56",
                "sha256:6d38711cde96806dcc002625fa9fbf1dc6a03635c260835e82a9554960c2b204",
                "sha256:71f1835f10e168f72cc82e5eb87c0ec3b186bc73c11555a25dbd066fce31ebe1",
                "sha256:7d39197048b9980471880b93b111e0f8e2c30a43c6f93fcfa5fec048c1d485b4",
                "sha256:7f0c8d5bec3c926d6bbc91002dca0af5b6f249a2c003de304223b8c24cd1566e",
                "sha256:817d99ab6b1dc7e56657c0bca0b2a4a0166c905b0a5f8a187e98581b09906770",
                "sha256:a21bcc329de1c8dacaf9f53cb04a50af9ea0185336942a0badc2dbaab3bcaf1c",
                "sha256:aa96468674ab27354f9b26da38bbd295dea2ac4051571db729b4f0710f336ce9",
                "sha256:aeeaabbae49d45435166404363283c80692141bc2a9f74239eee49c0fef77a7d",
                "sha256:c15bff383985a497b85dec1f9f755af7c33ab7e82883c5f311ead6980fdca8fc",
                "sha256:cfddc27130a3a3b38f159611777b4ead2a02f8a88ecfb6921e9959bc0df6d97f",
                "sha256:e898646878bd315e9cd7b738c293271e88d9a94efd260c8dc1bae80d60eade22",
                "sha256:ea7d80e2b406dba3b20836e95d76e926d0f80034e5a015c0d8309d820225cb5b"
            ],
            "index": "pypi",
            "version": "==8.0.16"
        },
        "protobuf": {
            "hashes": [
                "sha256:0f2da2fcc4102b6c3b57f03c9d8d5e37c63f8bc74deaa6cb54e0cc4524a77247",
                "sha256:1655fc0ba7402560d749de13edbfca1ac45d1753d8f4e5292989f18f5a00c215",
                "sha256:1771ef20e88759c4d81db213e89b7a1fc53937968e12af6603c658ee4bcbfa38",
                "sha256:1a66261a402d05c8ad8c1fde8631837307bf8d7e7740a4f3941fc3277c2e1528",
                "sha256:24f4697f57b8520c897a401b7f9a5ae45c369e22c572e305dfaf8053ecb49687",
                "sha256:256c0b2e338c1f3228d3280707606fe5531fde85ab9d704cde6fdeb55112531f",
                "sha256:2b974519a2ae83aa1e31cff9018c70bbe0e303a46a598f982943c49ae1d4fcd3",
                "sha256:30fe4249a364576f9594180589c3f9c4771952014b5f77f0372923fc7bafbbe2",
                "sha256:45a91fc6f9aa86d3effdeda6751882b02de628519ba06d7160daffde0c889ff8",
                "sha256:70054ae1ce5dea7dec7357db931fcf487f40ea45b02cb719ee6af07eb1e906fb",
                "sha256:74ac159989e2b02d761188a2b6f4601ff5e494d9b9d863f5ad6e98e5e0c54328",
                "sha256:822ac7f87fc2fb9b24edd2db390538b60ef50256e421ca30d65250fad5a3d477",
                "sha256:83c7c7534f050cb25383bb817159416601d1cc46c40bc5e851ec8bbddfc34a2f",
                "sha256:88d8f21d1ac205eedb6dea943f8204ed08201b081dba2a966ab5612788b9bb1e",
                "sha256:9ec20a6ded7d0888e767ad029dbb126e604e18db744ac0a428cf746e040ccecd",
                "sha256:9ec220d90eda8bb7a7a1434a8aed4fe26d7e648c1a051c2885f3f5725b6aa71a",
                "sha256:b9069e45b6e78412fba4a314ea38b4a478686060acf470d2b131b3a2c50484ec",
                "sha256:d9ed0955b794f1e5f367e27f8a8ff25501eabe34573f003f06639c366ca75f73",
                "sha256:eaada29bbf087dea7d8bce4d1d604fc768749e8809e9c295922accd7c8fce4d5",
                "sha256:eac23a3e56175b710f3da9a9e8e2aa571891fbec60e0c5a06db1c7b1613b5cfd"
            ],
            "version": "==3.15.6"
        },
        "six": {
            "hashes": [
                "sha256:30639c035cdb23534cd4aa2dd52c3bf48f06e5f4a941509c8bafd8ce11080259",
                "sha256:8b74bedcbbbaca38ff6d7491d76f2b06b3592611af620f8426e82dddb04a5ced"
            ],
            "version": "==1.15.0"
        },
        "sqlparse": {
            "hashes": [
                "sha256:40afe6b8d4b1117e7dff5504d7a8ce07d9a1b15aeeade8a2d10f130a834f8177",
                "sha256:7c3dca29c022744e95b547e867cee89f4fce4373f3549ccd8797d8eb52cdb873"
            ],
            "index": "pypi",
            "version": "==0.3.0"
        },
        "werkzeug": {
            "hashes": [
                "sha256:2de2a5db0baeae7b2d2664949077c2ac63fbd16d98da0ff71837f7d1dea3fd43",
                "sha256:6c80b1e5ad3665290ea39320b91e1be1e0d5f60652b964a3070216de83d2e47c"
            ],
            "version": "==1.0.1"
        }
    },
    "develop": {}
}
